
Microsoft Visual Studio Solution File, Format Version 12.00
# Visual Studio Version 17
VisualStudioVersion = 17.2.32519.379
MinimumVisualStudioVersion = 10.0.40219.1
Project("{FAE04EC0-301F-11D3-BF4B-00C04F79EFBC}") = "IMDB", "IMDB\IMDB.csproj", "{39791D2C-01B8-4868-B88A-73539901ACBE}"
EndProject
Global
	GlobalSection(SolutionConfigurationPlatforms) = preSolution
		Debug|Any CPU = Debug|Any CPU
		Release|Any CPU = Release|Any CPU
	EndGlobalSection
	GlobalSection(ProjectConfigurationPlatforms) = postSolution
		{39791D2C-01B8-4868-B88A-73539901ACBE}.Debug|Any CPU.ActiveCfg = Debug|Any CPU
		{39791D2C-01B8-4868-B88A-73539901ACBE}.Debug|Any CPU.Build.0 = Debug|Any CPU
		{39791D2C-01B8-4868-B88A-73539901ACBE}.Release|Any CPU.ActiveCfg = Release|Any CPU
		{39791D2C-01B8-4868-B88A-73539901ACBE}.Release|Any CPU.Build.0 = Release|Any CPU
	EndGlobalSection
	GlobalSection(SolutionProperties) = preSolution
		HideSolutionNode = FALSE
	EndGlobalSection
	GlobalSection(ExtensibilityGlobals) = postSolution
		SolutionGuid = {B34E76DB-17CC-4388-9A2C-638CB9A6DB02}
	EndGlobalSection
EndGlobal
